{
  "name": "@quick-qui/front-chart",
  "version": "0.1.1",
  "lockfileVersion": 1,
  "requires": true,
  "dependencies": {
    "@types/chartjs": {
      "version": "0.0.31",
      "resolved": "https://registry.npmjs.org/@types/chartjs/-/chartjs-0.0.31.tgz",
      "integrity": "sha512-eF1AgrIO0qP9KJYwM2dTKL2pczTjiLa0hfmZdQfKiqFq5WIvFTKPn1gkgADitF5sT4byEyq4EFdMVvuPIk6zeQ=="
    },
    "@types/randomcolor": {
      "version": "0.5.5",
      "resolved": "https://registry.npmjs.org/@types/randomcolor/-/randomcolor-0.5.5.tgz",
      "integrity": "sha512-PywdYff3F8lGO3BggkCXaPFH0Ue/2Y7xliihoQNkxCGPJ4w7VTMfgcmSMIE6gOVAEu9Wx42JRSuRREVG3AUrtg=="
    },
    "@types/react-chartjs-2": {
      "version": "2.5.7",
      "resolved": "https://registry.npmjs.org/@types/react-chartjs-2/-/react-chartjs-2-2.5.7.tgz",
      "integrity": "sha512-waqYqiNULIVUqaKO7MGUpFmWrVtH7gVPOzqwV4y4zgUyu/JiDwC005PpveO442HKnby9kLgp3t1SB2sld+ACLw==",
      "requires": {
        "react-chartjs-2": "*"
      }
    },
    "@types/typescript": {
      "version": "2.0.0",
      "resolved": "https://registry.npmjs.org/@types/typescript/-/typescript-2.0.0.tgz",
      "integrity": "sha1-xDNTnJi64oaCswfqp6D9IRW4PCg=",
      "dev": true,
      "requires": {
        "typescript": "*"
      }
    },
    "chartjs": {
      "version": "0.3.24",
      "resolved": "https://registry.npmjs.org/chartjs/-/chartjs-0.3.24.tgz",
      "integrity": "sha1-Ot3rWuNgaz6J40bCfVLKFYQW6T0="
    },
    "js-tokens": {
      "version": "4.0.0",
      "resolved": "https://registry.npmjs.org/js-tokens/-/js-tokens-4.0.0.tgz",
      "integrity": "sha512-RdJUflcE3cUzKiMqQgsCu06FPu9UdIJO0beYbPhHN4k6apgJtifcoCtT9bcxOpYBtpD2kCM6Sbzg4CausW/PKQ=="
    },
    "lodash": {
      "version": "4.17.20",
      "resolved": "https://registry.npmjs.org/lodash/-/lodash-4.17.20.tgz",
      "integrity": "sha512-PlhdFcillOINfeV7Ni6oF1TAEayyZBoZ8bcshTHqOYJYlrqzRK5hagpagky5o4HfCzzd1TRkXPMFq6cKk9rGmA=="
    },
    "loose-envify": {
      "version": "1.4.0",
      "resolved": "https://registry.npmjs.org/loose-envify/-/loose-envify-1.4.0.tgz",
      "integrity": "sha512-lyuxPGr/Wfhrlem2CL/UcnUc1zcqKAImBDzukY7Y5F/yQiNdko6+fRLevlw1HgMySw7f611UIY408EtxRSoK3Q==",
      "requires": {
        "js-tokens": "^3.0.0 || ^4.0.0"
      }
    },
    "object-assign": {
      "version": "4.1.1",
      "resolved": "https://registry.npmjs.org/object-assign/-/object-assign-4.1.1.tgz",
      "integrity": "sha1-IQmtx5ZYh8/AXLvUQsrIv7s2CGM="
    },
    "prop-types": {
      "version": "15.7.2",
      "resolved": "https://registry.npmjs.org/prop-types/-/prop-types-15.7.2.tgz",
      "integrity": "sha512-8QQikdH7//R2vurIJSutZ1smHYTcLpRWEOlHnzcWHmBYrOGUysKwSsrC89BCiFj3CbrfJ/nXFdJepOVrY1GCHQ==",
      "requires": {
        "loose-envify": "^1.4.0",
        "object-assign": "^4.1.1",
        "react-is": "^16.8.1"
      }
    },
    "randomcolor": {
      "version": "0.5.4",
      "resolved": "https://registry.npmjs.org/randomcolor/-/randomcolor-0.5.4.tgz",
      "integrity": "sha512-nYd4nmTuuwMFzHL6W+UWR5fNERGZeVauho8mrJDUSXdNDbao4rbrUwhuLgKC/j8VCS5+34Ria8CsTDuBjrIrQA=="
    },
    "react-chartjs-2": {
      "version": "2.11.1",
      "resolved": "https://registry.npmjs.org/react-chartjs-2/-/react-chartjs-2-2.11.1.tgz",
      "integrity": "sha512-G7cNq/n2Bkh/v4vcI+GKx7Q1xwZexKYhOSj2HmrFXlvNeaURWXun6KlOUpEQwi1cv9Tgs4H3kGywDWMrX2kxfA==",
      "requires": {
        "lodash": "^4.17.19",
        "prop-types": "^15.7.2"
      }
    },
    "react-is": {
      "version": "16.13.1",
      "resolved": "https://registry.npmjs.org/react-is/-/react-is-16.13.1.tgz",
      "integrity": "sha512-24e6ynE2H+OKt4kqsOvNd8kBpV65zoxbA4BVsEOB3ARVWQki/DHzaUoC5KuON/BiccDaCCTZBuOcfZs70kR8bQ=="
    },
    "typescript": {
      "version": "4.0.5",
      "resolved": "https://registry.npmjs.org/typescript/-/typescript-4.0.5.tgz",
      "integrity": "sha512-ywmr/VrTVCmNTJ6iV2LwIrfG1P+lv6luD8sUJs+2eI9NLGigaN+nUQc13iHqisq7bra9lnmUSYqbJvegraBOPQ==",
      "dev": true
    }
  }
}
